// !$*UTF8*$!
{
	archiveVersion = 1;
	classes = {
	};
	objectVersion = 46;
	objects = {

/* Begin PBXBuildFile section */
		5634D5E51E510E5500B91725 /* MainMenuViewController.swift in Sources */ = {isa = PBXBuildFile; fileRef = 5634D5E41E510E5500B91725 /* MainMenuViewController.swift */; };
		56431FD91E670A19007404C4 /* SearchedUserInformationViewController.swift in Sources */ = {isa = PBXBuildFile; fileRef = 56431FD81E670A19007404C4 /* SearchedUserInformationViewController.swift */; };
		56431FDB1E6712B6007404C4 /* ViewSearchedUserLibraryTableViewController.swift in Sources */ = {isa = PBXBuildFile; fileRef = 56431FDA1E6712B6007404C4 /* ViewSearchedUserLibraryTableViewController.swift */; };
		56431FDD1E6712EA007404C4 /* SearchedUserLibraryCell.swift in Sources */ = {isa = PBXBuildFile; fileRef = 56431FDC1E6712EA007404C4 /* SearchedUserLibraryCell.swift */; };
		56431FDF1E6720CE007404C4 /* UserLibraryBookInformationViewController.swift in Sources */ = {isa = PBXBuildFile; fileRef = 56431FDE1E6720CE007404C4 /* UserLibraryBookInformationViewController.swift */; };
		56460B791E952756003D2DC5 /* ProfileViewController.swift in Sources */ = {isa = PBXBuildFile; fileRef = 56460B781E952756003D2DC5 /* ProfileViewController.swift */; };
		56460B7B1E952C6A003D2DC5 /* TableViewController.swift in Sources */ = {isa = PBXBuildFile; fileRef = 56460B7A1E952C6A003D2DC5 /* TableViewController.swift */; };
		56460B7F1E952F1D003D2DC5 /* ProfileLibraryTableViewCell.swift in Sources */ = {isa = PBXBuildFile; fileRef = 56460B7E1E952F1D003D2DC5 /* ProfileLibraryTableViewCell.swift */; };
		56460B811E953F6D003D2DC5 /* ViewProfilePictureViewController.swift in Sources */ = {isa = PBXBuildFile; fileRef = 56460B801E953F6D003D2DC5 /* ViewProfilePictureViewController.swift */; };
		564D22331E5B2FCB00AB7E65 /* NewBookViewController.swift in Sources */ = {isa = PBXBuildFile; fileRef = 564D22321E5B2FCB00AB7E65 /* NewBookViewController.swift */; };
		56594B731E4C16FE00F6A60A /* AppDelegate.swift in Sources */ = {isa = PBXBuildFile; fileRef = 56594B721E4C16FE00F6A60A /* AppDelegate.swift */; };
		56594B781E4C16FE00F6A60A /* Main.storyboard in Resources */ = {isa = PBXBuildFile; fileRef = 56594B761E4C16FE00F6A60A /* Main.storyboard */; };
		56594B7A1E4C16FE00F6A60A /* Assets.xcassets in Resources */ = {isa = PBXBuildFile; fileRef = 56594B791E4C16FE00F6A60A /* Assets.xcassets */; };
		56594B7D1E4C16FE00F6A60A /* LaunchScreen.storyboard in Resources */ = {isa = PBXBuildFile; fileRef = 56594B7B1E4C16FE00F6A60A /* LaunchScreen.storyboard */; };
		56594BA21E4C17C100F6A60A /* Bolts.framework in Frameworks */ = {isa = PBXBuildFile; fileRef = 56594BA01E4C17C100F6A60A /* Bolts.framework */; };
		567A9DF81E54B0FA00DB2930 /* Information.swift in Sources */ = {isa = PBXBuildFile; fileRef = 567A9DF71E54B0FA00DB2930 /* Information.swift */; };
		568779701E5DD234009395DA /* BooksTableViewCell.swift in Sources */ = {isa = PBXBuildFile; fileRef = 5687796F1E5DD234009395DA /* BooksTableViewCell.swift */; };
		568779721E5DD5ED009395DA /* BooksTableViewController.swift in Sources */ = {isa = PBXBuildFile; fileRef = 568779711E5DD5ED009395DA /* BooksTableViewController.swift */; };
		568906921E69C3D70044C016 /* WishListTableViewController.swift in Sources */ = {isa = PBXBuildFile; fileRef = 568906911E69C3D70044C016 /* WishListTableViewController.swift */; };
		568906961E69C4420044C016 /* WishListCell.swift in Sources */ = {isa = PBXBuildFile; fileRef = 568906951E69C4420044C016 /* WishListCell.swift */; };
		568906981E69D5A50044C016 /* WishListBookInformationViewController.swift in Sources */ = {isa = PBXBuildFile; fileRef = 568906971E69D5A50044C016 /* WishListBookInformationViewController.swift */; };
		569C1EB81E4C40B400428785 /* LoginViewController.swift in Sources */ = {isa = PBXBuildFile; fileRef = 569C1EB71E4C40B400428785 /* LoginViewController.swift */; };
		569C1EBA1E4C40E400428785 /* BarcodeReaderViewController.swift in Sources */ = {isa = PBXBuildFile; fileRef = 569C1EB91E4C40E400428785 /* BarcodeReaderViewController.swift */; };
		56A371381E4CBB7700FC064E /* Parse.framework in Frameworks */ = {isa = PBXBuildFile; fileRef = 56594BA11E4C17C100F6A60A /* Parse.framework */; };
		56A3713B1E4CBD9100FC064E /* libstdc++.6.tbd in Frameworks */ = {isa = PBXBuildFile; fileRef = 56A3713A1E4CBD9100FC064E /* libstdc++.6.tbd */; };
		56A3713D1E4CBD9B00FC064E /* libsqlite3.0.tbd in Frameworks */ = {isa = PBXBuildFile; fileRef = 56A3713C1E4CBD9B00FC064E /* libsqlite3.0.tbd */; };
		56A3713F1E4CBDAD00FC064E /* SystemConfiguration.framework in Frameworks */ = {isa = PBXBuildFile; fileRef = 56A3713E1E4CBDAD00FC064E /* SystemConfiguration.framework */; };
		56BBD7B51E4E6C1000E3677F /* UserGus.swift in Sources */ = {isa = PBXBuildFile; fileRef = 56BBD7B41E4E6C1000E3677F /* UserGus.swift */; };
		56BBD7B71E4E730A00E3677F /* SearchAPI.swift in Sources */ = {isa = PBXBuildFile; fileRef = 56BBD7B61E4E730A00E3677F /* SearchAPI.swift */; };
		56BBD7BE1E4E771800E3677F /* Settings.swift in Sources */ = {isa = PBXBuildFile; fileRef = 56BBD7BD1E4E771800E3677F /* Settings.swift */; };
		56BBE80F1E611B7200D36AA0 /* BookInformationViewController.swift in Sources */ = {isa = PBXBuildFile; fileRef = 56BBE80E1E611B7200D36AA0 /* BookInformationViewController.swift */; };
		56D052621E4E377E007747ED /* SetProfilePicViewController.swift in Sources */ = {isa = PBXBuildFile; fileRef = 56D052611E4E377E007747ED /* SetProfilePicViewController.swift */; };
		56DE1DB21E6388C500402774 /* DeletedBooksTableViewCell.swift in Sources */ = {isa = PBXBuildFile; fileRef = 56DE1DB11E6388C500402774 /* DeletedBooksTableViewCell.swift */; };
		56DE1DB41E63893500402774 /* DeletedBooksTableViewController.swift in Sources */ = {isa = PBXBuildFile; fileRef = 56DE1DB31E63893500402774 /* DeletedBooksTableViewController.swift */; };
		56DE1DB61E6390C900402774 /* DeletedBookInformationViewController.swift in Sources */ = {isa = PBXBuildFile; fileRef = 56DE1DB51E6390C900402774 /* DeletedBookInformationViewController.swift */; };
		56E68E521E6474310029D497 /* SearchUsersViewController.swift in Sources */ = {isa = PBXBuildFile; fileRef = 56E68E511E6474310029D497 /* SearchUsersViewController.swift */; };
		56E68E541E647A020029D497 /* SearchUsernameCell.swift in Sources */ = {isa = PBXBuildFile; fileRef = 56E68E531E647A020029D497 /* SearchUsernameCell.swift */; };
		56E68E561E647A230029D497 /* SearchUserNameTableViewController.swift in Sources */ = {isa = PBXBuildFile; fileRef = 56E68E551E647A230029D497 /* SearchUserNameTableViewController.swift */; };
		56F911351E6DC0E3004C08D6 /* FriendsTableViewController.swift in Sources */ = {isa = PBXBuildFile; fileRef = 56F911341E6DC0E3004C08D6 /* FriendsTableViewController.swift */; };
		56F911371E6DC103004C08D6 /* FriendsCell.swift in Sources */ = {isa = PBXBuildFile; fileRef = 56F911361E6DC103004C08D6 /* FriendsCell.swift */; };
		56F911391E6DC118004C08D6 /* FriendsInformationViewController.swift in Sources */ = {isa = PBXBuildFile; fileRef = 56F911381E6DC118004C08D6 /* FriendsInformationViewController.swift */; };
/* End PBXBuildFile section */

/* Begin PBXContainerItemProxy section */
		56594B841E4C16FE00F6A60A /* PBXContainerItemProxy */ = {
			isa = PBXContainerItemProxy;
			containerPortal = 56594B671E4C16FE00F6A60A /* Project object */;
			proxyType = 1;
			remoteGlobalIDString = 56594B6E1E4C16FE00F6A60A;
			remoteInfo = "Book Buddy";
		};
		56594B8F1E4C16FE00F6A60A /* PBXContainerItemProxy */ = {
			isa = PBXContainerItemProxy;
			containerPortal = 56594B671E4C16FE00F6A60A /* Project object */;
			proxyType = 1;
			remoteGlobalIDString = 56594B6E1E4C16FE00F6A60A;
			remoteInfo = "Book Buddy";
		};
/* End PBXContainerItemProxy section */

/* Begin PBXFileReference section */
		5634D5E41E510E5500B91725 /* MainMenuViewController.swift */ = {isa = PBXFileReference; fileEncoding = 4; lastKnownFileType = sourcecode.swift; path = MainMenuViewController.swift; sourceTree = "<group>"; };
		56431FD81E670A19007404C4 /* SearchedUserInformationViewController.swift */ = {isa = PBXFileReference; fileEncoding = 4; lastKnownFileType = sourcecode.swift; path = SearchedUserInformationViewController.swift; sourceTree = "<group>"; };
		56431FDA1E6712B6007404C4 /* ViewSearchedUserLibraryTableViewController.swift */ = {isa = PBXFileReference; fileEncoding = 4; lastKnownFileType = sourcecode.swift; path = ViewSearchedUserLibraryTableViewController.swift; sourceTree = "<group>"; };
		56431FDC1E6712EA007404C4 /* SearchedUserLibraryCell.swift */ = {isa = PBXFileReference; fileEncoding = 4; lastKnownFileType = sourcecode.swift; path = SearchedUserLibraryCell.swift; sourceTree = "<group>"; };
		56431FDE1E6720CE007404C4 /* UserLibraryBookInformationViewController.swift */ = {isa = PBXFileReference; fileEncoding = 4; lastKnownFileType = sourcecode.swift; path = UserLibraryBookInformationViewController.swift; sourceTree = "<group>"; };
		56460B781E952756003D2DC5 /* ProfileViewController.swift */ = {isa = PBXFileReference; fileEncoding = 4; lastKnownFileType = sourcecode.swift; path = ProfileViewController.swift; sourceTree = "<group>"; };
		56460B7A1E952C6A003D2DC5 /* TableViewController.swift */ = {isa = PBXFileReference; fileEncoding = 4; lastKnownFileType = sourcecode.swift; path = TableViewController.swift; sourceTree = "<group>"; };
		56460B7E1E952F1D003D2DC5 /* ProfileLibraryTableViewCell.swift */ = {isa = PBXFileReference; fileEncoding = 4; lastKnownFileType = sourcecode.swift; path = ProfileLibraryTableViewCell.swift; sourceTree = "<group>"; };
		56460B801E953F6D003D2DC5 /* ViewProfilePictureViewController.swift */ = {isa = PBXFileReference; fileEncoding = 4; lastKnownFileType = sourcecode.swift; path = ViewProfilePictureViewController.swift; sourceTree = "<group>"; };
		564D22321E5B2FCB00AB7E65 /* NewBookViewController.swift */ = {isa = PBXFileReference; fileEncoding = 4; lastKnownFileType = sourcecode.swift; path = NewBookViewController.swift; sourceTree = "<group>"; };
		56594B6F1E4C16FE00F6A60A /* Book Buddy.app */ = {isa = PBXFileReference; explicitFileType = wrapper.application; includeInIndex = 0; path = "Book Buddy.app"; sourceTree = BUILT_PRODUCTS_DIR; };
		56594B721E4C16FE00F6A60A /* AppDelegate.swift */ = {isa = PBXFileReference; lastKnownFileType = sourcecode.swift; path = AppDelegate.swift; sourceTree = "<group>"; };
		56594B771E4C16FE00F6A60A /* Base */ = {isa = PBXFileReference; lastKnownFileType = file.storyboard; name = Base; path = Base.lproj/Main.storyboard; sourceTree = "<group>"; };
		56594B791E4C16FE00F6A60A /* Assets.xcassets */ = {isa = PBXFileReference; lastKnownFileType = folder.assetcatalog; path = Assets.xcassets; sourceTree = "<group>"; };
		56594B7C1E4C16FE00F6A60A /* Base */ = {isa = PBXFileReference; lastKnownFileType = file.storyboard; name = Base; path = Base.lproj/LaunchScreen.storyboard; sourceTree = "<group>"; };
		56594B7E1E4C16FE00F6A60A /* Info.plist */ = {isa = PBXFileReference; lastKnownFileType = text.plist.xml; path = Info.plist; sourceTree = "<group>"; };
		56594B831E4C16FE00F6A60A /* Book BuddyTests.xctest */ = {isa = PBXFileReference; explicitFileType = wrapper.cfbundle; includeInIndex = 0; path = "Book BuddyTests.xctest"; sourceTree = BUILT_PRODUCTS_DIR; };
		56594B8E1E4C16FE00F6A60A /* Book BuddyUITests.xctest */ = {isa = PBXFileReference; explicitFileType = wrapper.cfbundle; includeInIndex = 0; path = "Book BuddyUITests.xctest"; sourceTree = BUILT_PRODUCTS_DIR; };
		56594BA01E4C17C100F6A60A /* Bolts.framework */ = {isa = PBXFileReference; lastKnownFileType = wrapper.framework; path = Bolts.framework; sourceTree = "<group>"; };
		56594BA11E4C17C100F6A60A /* Parse.framework */ = {isa = PBXFileReference; lastKnownFileType = wrapper.framework; path = Parse.framework; sourceTree = "<group>"; };
		567A9DF71E54B0FA00DB2930 /* Information.swift */ = {isa = PBXFileReference; fileEncoding = 4; lastKnownFileType = sourcecode.swift; path = Information.swift; sourceTree = "<group>"; };
		5687796F1E5DD234009395DA /* BooksTableViewCell.swift */ = {isa = PBXFileReference; fileEncoding = 4; lastKnownFileType = sourcecode.swift; path = BooksTableViewCell.swift; sourceTree = "<group>"; };
		568779711E5DD5ED009395DA /* BooksTableViewController.swift */ = {isa = PBXFileReference; fileEncoding = 4; lastKnownFileType = sourcecode.swift; path = BooksTableViewController.swift; sourceTree = "<group>"; };
		568906911E69C3D70044C016 /* WishListTableViewController.swift */ = {isa = PBXFileReference; fileEncoding = 4; lastKnownFileType = sourcecode.swift; path = WishListTableViewController.swift; sourceTree = "<group>"; };
		568906951E69C4420044C016 /* WishListCell.swift */ = {isa = PBXFileReference; fileEncoding = 4; lastKnownFileType = sourcecode.swift; path = WishListCell.swift; sourceTree = "<group>"; };
		568906971E69D5A50044C016 /* WishListBookInformationViewController.swift */ = {isa = PBXFileReference; fileEncoding = 4; lastKnownFileType = sourcecode.swift; path = WishListBookInformationViewController.swift; sourceTree = "<group>"; };
		569C1EB71E4C40B400428785 /* LoginViewController.swift */ = {isa = PBXFileReference; fileEncoding = 4; lastKnownFileType = sourcecode.swift; path = LoginViewController.swift; sourceTree = "<group>"; };
		569C1EB91E4C40E400428785 /* BarcodeReaderViewController.swift */ = {isa = PBXFileReference; fileEncoding = 4; lastKnownFileType = sourcecode.swift; path = BarcodeReaderViewController.swift; sourceTree = "<group>"; };
		56A3713A1E4CBD9100FC064E /* libstdc++.6.tbd */ = {isa = PBXFileReference; lastKnownFileType = "sourcecode.text-based-dylib-definition"; name = "libstdc++.6.tbd"; path = "usr/lib/libstdc++.6.tbd"; sourceTree = SDKROOT; };
		56A3713C1E4CBD9B00FC064E /* libsqlite3.0.tbd */ = {isa = PBXFileReference; lastKnownFileType = "sourcecode.text-based-dylib-definition"; name = libsqlite3.0.tbd; path = usr/lib/libsqlite3.0.tbd; sourceTree = SDKROOT; };
		56A3713E1E4CBDAD00FC064E /* SystemConfiguration.framework */ = {isa = PBXFileReference; lastKnownFileType = wrapper.framework; name = SystemConfiguration.framework; path = System/Library/Frameworks/SystemConfiguration.framework; sourceTree = SDKROOT; };
		56BBD7B41E4E6C1000E3677F /* UserGus.swift */ = {isa = PBXFileReference; fileEncoding = 4; lastKnownFileType = sourcecode.swift; path = UserGus.swift; sourceTree = "<group>"; };
		56BBD7B61E4E730A00E3677F /* SearchAPI.swift */ = {isa = PBXFileReference; fileEncoding = 4; lastKnownFileType = sourcecode.swift; path = SearchAPI.swift; sourceTree = "<group>"; };
		56BBD7BD1E4E771800E3677F /* Settings.swift */ = {isa = PBXFileReference; fileEncoding = 4; lastKnownFileType = sourcecode.swift; path = Settings.swift; sourceTree = "<group>"; };
		56BBE80E1E611B7200D36AA0 /* BookInformationViewController.swift */ = {isa = PBXFileReference; fileEncoding = 4; lastKnownFileType = sourcecode.swift; path = BookInformationViewController.swift; sourceTree = "<group>"; };
		56D052611E4E377E007747ED /* SetProfilePicViewController.swift */ = {isa = PBXFileReference; fileEncoding = 4; lastKnownFileType = sourcecode.swift; path = SetProfilePicViewController.swift; sourceTree = "<group>"; };
		56DE1DB11E6388C500402774 /* DeletedBooksTableViewCell.swift */ = {isa = PBXFileReference; fileEncoding = 4; lastKnownFileType = sourcecode.swift; path = DeletedBooksTableViewCell.swift; sourceTree = "<group>"; };
		56DE1DB31E63893500402774 /* DeletedBooksTableViewController.swift */ = {isa = PBXFileReference; fileEncoding = 4; lastKnownFileType = sourcecode.swift; path = DeletedBooksTableViewController.swift; sourceTree = "<group>"; };
		56DE1DB51E6390C900402774 /* DeletedBookInformationViewController.swift */ = {isa = PBXFileReference; fileEncoding = 4; lastKnownFileType = sourcecode.swift; path = DeletedBookInformationViewController.swift; sourceTree = "<group>"; };
		56E68E511E6474310029D497 /* SearchUsersViewController.swift */ = {isa = PBXFileReference; fileEncoding = 4; lastKnownFileType = sourcecode.swift; path = SearchUsersViewController.swift; sourceTree = "<group>"; };
		56E68E531E647A020029D497 /* SearchUsernameCell.swift */ = {isa = PBXFileReference; fileEncoding = 4; lastKnownFileType = sourcecode.swift; path = SearchUsernameCell.swift; sourceTree = "<group>"; };
		56E68E551E647A230029D497 /* SearchUserNameTableViewController.swift */ = {isa = PBXFileReference; fileEncoding = 4; lastKnownFileType = sourcecode.swift; path = SearchUserNameTableViewController.swift; sourceTree = "<group>"; };
		56F911341E6DC0E3004C08D6 /* FriendsTableViewController.swift */ = {isa = PBXFileReference; fileEncoding = 4; lastKnownFileType = sourcecode.swift; path = FriendsTableViewController.swift; sourceTree = "<group>"; };
		56F911361E6DC103004C08D6 /* FriendsCell.swift */ = {isa = PBXFileReference; fileEncoding = 4; lastKnownFileType = sourcecode.swift; path = FriendsCell.swift; sourceTree = "<group>"; };
		56F911381E6DC118004C08D6 /* FriendsInformationViewController.swift */ = {isa = PBXFileReference; fileEncoding = 4; lastKnownFileType = sourcecode.swift; path = FriendsInformationViewController.swift; sourceTree = "<group>"; };
/* End PBXFileReference section */

/* Begin PBXFrameworksBuildPhase section */
		56594B6C1E4C16FE00F6A60A /* Frameworks */ = {
			isa = PBXFrameworksBuildPhase;
			buildActionMask = 2147483647;
			files = (
				56A3713F1E4CBDAD00FC064E /* SystemConfiguration.framework in Frameworks */,
				56A3713D1E4CBD9B00FC064E /* libsqlite3.0.tbd in Frameworks */,
				56A3713B1E4CBD9100FC064E /* libstdc++.6.tbd in Frameworks */,
				56594BA21E4C17C100F6A60A /* Bolts.framework in Frameworks */,
				56A371381E4CBB7700FC064E /* Parse.framework in Frameworks */,
			);
			runOnlyForDeploymentPostprocessing = 0;
		};
		56594B801E4C16FE00F6A60A /* Frameworks */ = {
			isa = PBXFrameworksBuildPhase;
			buildActionMask = 2147483647;
			files = (
			);
			runOnlyForDeploymentPostprocessing = 0;
		};
		56594B8B1E4C16FE00F6A60A /* Frameworks */ = {
			isa = PBXFrameworksBuildPhase;
			buildActionMask = 2147483647;
			files = (
			);
			runOnlyForDeploymentPostprocessing = 0;
		};
/* End PBXFrameworksBuildPhase section */

/* Begin PBXGroup section */
		56594B661E4C16FE00F6A60A = {
			isa = PBXGroup;
			children = (
				56594B711E4C16FE00F6A60A /* Book Buddy */,
				56594B701E4C16FE00F6A60A /* Products */,
				56594BA01E4C17C100F6A60A /* Bolts.framework */,
				56594BA11E4C17C100F6A60A /* Parse.framework */,
				56A371391E4CBD9100FC064E /* Frameworks */,
			);
			sourceTree = "<group>";
		};
		56594B701E4C16FE00F6A60A /* Products */ = {
			isa = PBXGroup;
			children = (
				56594B6F1E4C16FE00F6A60A /* Book Buddy.app */,
				56594B831E4C16FE00F6A60A /* Book BuddyTests.xctest */,
				56594B8E1E4C16FE00F6A60A /* Book BuddyUITests.xctest */,
			);
			name = Products;
			sourceTree = "<group>";
		};
		56594B711E4C16FE00F6A60A /* Book Buddy */ = {
			isa = PBXGroup;
			children = (
				56BBD7B91E4E733D00E3677F /* Swift Files */,
				56BBD7B81E4E732800E3677F /* View Controllers */,
				56BBD7BA1E4E738700E3677F /* Xcode Starter Files */,
			);
			path = "Book Buddy";
			sourceTree = "<group>";
		};
		56A371391E4CBD9100FC064E /* Frameworks */ = {
			isa = PBXGroup;
			children = (
				56A3713E1E4CBDAD00FC064E /* SystemConfiguration.framework */,
				56A3713C1E4CBD9B00FC064E /* libsqlite3.0.tbd */,
				56A3713A1E4CBD9100FC064E /* libstdc++.6.tbd */,
			);
			name = Frameworks;
			sourceTree = "<group>";
		};
		56BBD7B81E4E732800E3677F /* View Controllers */ = {
			isa = PBXGroup;
			children = (
				569C1EB91E4C40E400428785 /* BarcodeReaderViewController.swift */,
				56BBE80E1E611B7200D36AA0 /* BookInformationViewController.swift */,
				568779711E5DD5ED009395DA /* BooksTableViewController.swift */,
				56DE1DB51E6390C900402774 /* DeletedBookInformationViewController.swift */,
				56DE1DB31E63893500402774 /* DeletedBooksTableViewController.swift */,
				56F911381E6DC118004C08D6 /* FriendsInformationViewController.swift */,
				56F911341E6DC0E3004C08D6 /* FriendsTableViewController.swift */,
				569C1EB71E4C40B400428785 /* LoginViewController.swift */,
				5634D5E41E510E5500B91725 /* MainMenuViewController.swift */,
				564D22321E5B2FCB00AB7E65 /* NewBookViewController.swift */,
				56460B781E952756003D2DC5 /* ProfileViewController.swift */,
				56E68E511E6474310029D497 /* SearchUsersViewController.swift */,
				56E68E551E647A230029D497 /* SearchUserNameTableViewController.swift */,
				56431FD81E670A19007404C4 /* SearchedUserInformationViewController.swift */,
				56D052611E4E377E007747ED /* SetProfilePicViewController.swift */,
				56431FDE1E6720CE007404C4 /* UserLibraryBookInformationViewController.swift */,
				56460B801E953F6D003D2DC5 /* ViewProfilePictureViewController.swift */,
				56431FDA1E6712B6007404C4 /* ViewSearchedUserLibraryTableViewController.swift */,
				568906911E69C3D70044C016 /* WishListTableViewController.swift */,
				568906971E69D5A50044C016 /* WishListBookInformationViewController.swift */,
				56460B7A1E952C6A003D2DC5 /* TableViewController.swift */,
			);
			name = "View Controllers";
			sourceTree = "<group>";
		};
		56BBD7B91E4E733D00E3677F /* Swift Files */ = {
			isa = PBXGroup;
			children = (
				56594B721E4C16FE00F6A60A /* AppDelegate.swift */,
				5687796F1E5DD234009395DA /* BooksTableViewCell.swift */,
				56DE1DB11E6388C500402774 /* DeletedBooksTableViewCell.swift */,
				56F911361E6DC103004C08D6 /* FriendsCell.swift */,
				567A9DF71E54B0FA00DB2930 /* Information.swift */,
				56460B7E1E952F1D003D2DC5 /* ProfileLibraryTableViewCell.swift */,
				56BBD7B61E4E730A00E3677F /* SearchAPI.swift */,
				56431FDC1E6712EA007404C4 /* SearchedUserLibraryCell.swift */,
				56E68E531E647A020029D497 /* SearchUsernameCell.swift */,
				56BBD7BD1E4E771800E3677F /* Settings.swift */,
				56BBD7B41E4E6C1000E3677F /* UserGus.swift */,
				568906951E69C4420044C016 /* WishListCell.swift */,
			);
			name = "Swift Files";
			sourceTree = "<group>";
		};
		56BBD7BA1E4E738700E3677F /* Xcode Starter Files */ = {
			isa = PBXGroup;
			children = (
				56594B791E4C16FE00F6A60A /* Assets.xcassets */,
				56594B7B1E4C16FE00F6A60A /* LaunchScreen.storyboard */,
				56594B761E4C16FE00F6A60A /* Main.storyboard */,
				56594B7E1E4C16FE00F6A60A /* Info.plist */,
			);
			name = "Xcode Starter Files";
			sourceTree = "<group>";
		};
/* End PBXGroup section */

/* Begin PBXNativeTarget section */
		56594B6E1E4C16FE00F6A60A /* Book Buddy */ = {
			isa = PBXNativeTarget;
			buildConfigurationList = 56594B971E4C16FE00F6A60A /* Build configuration list for PBXNativeTarget "Book Buddy" */;
			buildPhases = (
				56594B6B1E4C16FE00F6A60A /* Sources */,
				56594B6C1E4C16FE00F6A60A /* Frameworks */,
				56594B6D1E4C16FE00F6A60A /* Resources */,
			);
			buildRules = (
			);
			dependencies = (
			);
			name = "Book Buddy";
			productName = "Book Buddy";
			productReference = 56594B6F1E4C16FE00F6A60A /* Book Buddy.app */;
			productType = "com.apple.product-type.application";
		};
		56594B821E4C16FE00F6A60A /* Book BuddyTests */ = {
			isa = PBXNativeTarget;
			buildConfigurationList = 56594B9A1E4C16FE00F6A60A /* Build configuration list for PBXNativeTarget "Book BuddyTests" */;
			buildPhases = (
				56594B7F1E4C16FE00F6A60A /* Sources */,
				56594B801E4C16FE00F6A60A /* Frameworks */,
				56594B811E4C16FE00F6A60A /* Resources */,
			);
			buildRules = (
			);
			dependencies = (
				56594B851E4C16FE00F6A60A /* PBXTargetDependency */,
			);
			name = "Book BuddyTests";
			productName = "Book BuddyTests";
			productReference = 56594B831E4C16FE00F6A60A /* Book BuddyTests.xctest */;
			productType = "com.apple.product-type.bundle.unit-test";
		};
		56594B8D1E4C16FE00F6A60A /* Book BuddyUITests */ = {
			isa = PBXNativeTarget;
			buildConfigurationList = 56594B9D1E4C16FE00F6A60A /* Build configuration list for PBXNativeTarget "Book BuddyUITests" */;
			buildPhases = (
				56594B8A1E4C16FE00F6A60A /* Sources */,
				56594B8B1E4C16FE00F6A60A /* Frameworks */,
				56594B8C1E4C16FE00F6A60A /* Resources */,
			);
			buildRules = (
			);
			dependencies = (
				56594B901E4C16FE00F6A60A /* PBXTargetDependency */,
			);
			name = "Book BuddyUITests";
			productName = "Book BuddyUITests";
			productReference = 56594B8E1E4C16FE00F6A60A /* Book BuddyUITests.xctest */;
			productType = "com.apple.product-type.bundle.ui-testing";
		};
/* End PBXNativeTarget section */

/* Begin PBXProject section */
		56594B671E4C16FE00F6A60A /* Project object */ = {
			isa = PBXProject;
			attributes = {
				LastSwiftUpdateCheck = 0820;
				LastUpgradeCheck = 0820;
				ORGANIZATIONNAME = "Melvin Lee";
				TargetAttributes = {
					56594B6E1E4C16FE00F6A60A = {
						CreatedOnToolsVersion = 8.2.1;
						DevelopmentTeam = XDE4MANTPR;
						ProvisioningStyle = Automatic;
					};
					56594B821E4C16FE00F6A60A = {
						CreatedOnToolsVersion = 8.2.1;
						DevelopmentTeam = XDE4MANTPR;
						ProvisioningStyle = Automatic;
						TestTargetID = 56594B6E1E4C16FE00F6A60A;
					};
					56594B8D1E4C16FE00F6A60A = {
						CreatedOnToolsVersion = 8.2.1;
						DevelopmentTeam = XDE4MANTPR;
						ProvisioningStyle = Automatic;
						TestTargetID = 56594B6E1E4C16FE00F6A60A;
					};
				};
			};
			buildConfigurationList = 56594B6A1E4C16FE00F6A60A /* Build configuration list for PBXProject "Book Buddy" */;
			compatibilityVersion = "Xcode 3.2";
			developmentRegion = English;
			hasScannedForEncodings = 0;
			knownRegions = (
				en,
				Base,
			);
			mainGroup = 56594B661E4C16FE00F6A60A;
			productRefGroup = 56594B701E4C16FE00F6A60A /* Products */;
			projectDirPath = "";
			projectRoot = "";
			targets = (
				56594B6E1E4C16FE00F6A60A /* Book Buddy */,
				56594B821E4C16FE00F6A60A /* Book BuddyTests */,
				56594B8D1E4C16FE00F6A60A /* Book BuddyUITests */,
			);
		};
/* End PBXProject section */

/* Begin PBXResourcesBuildPhase section */
		56594B6D1E4C16FE00F6A60A /* Resources */ = {
			isa = PBXResourcesBuildPhase;
			buildActionMask = 2147483647;
			files = (
				56594B7D1E4C16FE00F6A60A /* LaunchScreen.storyboard in Resources */,
				56594B7A1E4C16FE00F6A60A /* Assets.xcassets in Resources */,
				56594B781E4C16FE00F6A60A /* Main.storyboard in Resources */,
			);
			runOnlyForDeploymentPostprocessing = 0;
		};
		56594B811E4C16FE00F6A60A /* Resources */ = {
			isa = PBXResourcesBuildPhase;
			buildActionMask = 2147483647;
			files = (
			);
			runOnlyForDeploymentPostprocessing = 0;
		};
		56594B8C1E4C16FE00F6A60A /* Resources */ = {
			isa = PBXResourcesBuildPhase;
			buildActionMask = 2147483647;
			files = (
			);
			runOnlyForDeploymentPostprocessing = 0;
		};
/* End PBXResourcesBuildPhase section */

/* Begin PBXSourcesBuildPhase section */
		56594B6B1E4C16FE00F6A60A /* Sources */ = {
			isa = PBXSourcesBuildPhase;
			buildActionMask = 2147483647;
			files = (
				56BBE80F1E611B7200D36AA0 /* BookInformationViewController.swift in Sources */,
				56431FDB1E6712B6007404C4 /* ViewSearchedUserLibraryTableViewController.swift in Sources */,
				56431FD91E670A19007404C4 /* SearchedUserInformationViewController.swift in Sources */,
				5634D5E51E510E5500B91725 /* MainMenuViewController.swift in Sources */,
				56F911391E6DC118004C08D6 /* FriendsInformationViewController.swift in Sources */,
				56D052621E4E377E007747ED /* SetProfilePicViewController.swift in Sources */,
				568779721E5DD5ED009395DA /* BooksTableViewController.swift in Sources */,
				568906921E69C3D70044C016 /* WishListTableViewController.swift in Sources */,
				56DE1DB41E63893500402774 /* DeletedBooksTableViewController.swift in Sources */,
				56431FDD1E6712EA007404C4 /* SearchedUserLibraryCell.swift in Sources */,
				569C1EB81E4C40B400428785 /* LoginViewController.swift in Sources */,
				56BBD7B71E4E730A00E3677F /* SearchAPI.swift in Sources */,
				56460B791E952756003D2DC5 /* ProfileViewController.swift in Sources */,
				56E68E561E647A230029D497 /* SearchUserNameTableViewController.swift in Sources */,
				569C1EBA1E4C40E400428785 /* BarcodeReaderViewController.swift in Sources */,
				56460B7F1E952F1D003D2DC5 /* ProfileLibraryTableViewCell.swift in Sources */,
				56460B7B1E952C6A003D2DC5 /* TableViewController.swift in Sources */,
				56BBD7BE1E4E771800E3677F /* Settings.swift in Sources */,
				568906961E69C4420044C016 /* WishListCell.swift in Sources */,
				568906981E69D5A50044C016 /* WishListBookInformationViewController.swift in Sources */,
				567A9DF81E54B0FA00DB2930 /* Information.swift in Sources */,
				56594B731E4C16FE00F6A60A /* AppDelegate.swift in Sources */,
				56DE1DB21E6388C500402774 /* DeletedBooksTableViewCell.swift in Sources */,
				56431FDF1E6720CE007404C4 /* UserLibraryBookInformationViewController.swift in Sources */,
				56F911351E6DC0E3004C08D6 /* FriendsTableViewController.swift in Sources */,
				56DE1DB61E6390C900402774 /* DeletedBookInformationViewController.swift in Sources */,
				56BBD7B51E4E6C1000E3677F /* UserGus.swift in Sources */,
				568779701E5DD234009395DA /* BooksTableViewCell.swift in Sources */,
				56460B811E953F6D003D2DC5 /* ViewProfilePictureViewController.swift in Sources */,
				56E68E521E6474310029D497 /* SearchUsersViewController.swift in Sources */,
				564D22331E5B2FCB00AB7E65 /* NewBookViewController.swift in Sources */,
				56E68E541E647A020029D497 /* SearchUsernameCell.swift in Sources */,
				56F911371E6DC103004C08D6 /* FriendsCell.swift in Sources */,
			);
			runOnlyForDeploymentPostprocessing = 0;
		};
		56594B7F1E4C16FE00F6A60A /* Sources */ = {
			isa = PBXSourcesBuildPhase;
			buildActionMask = 2147483647;
			files = (
			);
			runOnlyForDeploymentPostprocessing = 0;
		};
		56594B8A1E4C16FE00F6A60A /* Sources */ = {
			isa = PBXSourcesBuildPhase;
			buildActionMask = 2147483647;
			files = (
			);
			runOnlyForDeploymentPostprocessing = 0;
		};
/* End PBXSourcesBuildPhase section */

/* Begin PBXTargetDependency section */
		56594B851E4C16FE00F6A60A /* PBXTargetDependency */ = {
			isa = PBXTargetDependency;
			target = 56594B6E1E4C16FE00F6A60A /* Book Buddy */;
			targetProxy = 56594B841E4C16FE00F6A60A /* PBXContainerItemProxy */;
		};
		56594B901E4C16FE00F6A60A /* PBXTargetDependency */ = {
			isa = PBXTargetDependency;
			target = 56594B6E1E4C16FE00F6A60A /* Book Buddy */;
			targetProxy = 56594B8F1E4C16FE00F6A60A /* PBXContainerItemProxy */;
		};
/* End PBXTargetDependency section */

/* Begin PBXVariantGroup section */
		56594B761E4C16FE00F6A60A /* Main.storyboard */ = {
			isa = PBXVariantGroup;
			children = (
				56594B771E4C16FE00F6A60A /* Base */,
			);
			name = Main.storyboard;
			sourceTree = "<group>";
		};
		56594B7B1E4C16FE00F6A60A /* LaunchScreen.storyboard */ = {
			isa = PBXVariantGroup;
			children = (
				56594B7C1E4C16FE00F6A60A /* Base */,
			);
			name = LaunchScreen.storyboard;
			sourceTree = "<group>";
		};
/* End PBXVariantGroup section */

/* Begin XCBuildConfiguration section */
		56594B951E4C16FE00F6A60A /* Debug */ = {
			isa = XCBuildConfiguration;
			buildSettings = {
				ALWAYS_SEARCH_USER_PATHS = NO;
				CLANG_ANALYZER_NONNULL = YES;
				CLANG_CXX_LANGUAGE_STANDARD = "gnu++0x";
				CLANG_CXX_LIBRARY = "libc++";
				CLANG_ENABLE_MODULES = YES;
				CLANG_ENABLE_OBJC_ARC = YES;
				CLANG_WARN_BOOL_CONVERSION = YES;
				CLANG_WARN_CONSTANT_CONVERSION = YES;
				CLANG_WARN_DIRECT_OBJC_ISA_USAGE = YES_ERROR;
				CLANG_WARN_DOCUMENTATION_COMMENTS = YES;
				CLANG_WARN_EMPTY_BODY = YES;
				CLANG_WARN_ENUM_CONVERSION = YES;
				CLANG_WARN_INFINITE_RECURSION = YES;
				CLANG_WARN_INT_CONVERSION = YES;
				CLANG_WARN_OBJC_ROOT_CLASS = YES_ERROR;
				CLANG_WARN_SUSPICIOUS_MOVE = YES;
				CLANG_WARN_UNREACHABLE_CODE = YES;
				CLANG_WARN__DUPLICATE_METHOD_MATCH = YES;
				"CODE_SIGN_IDENTITY[sdk=iphoneos*]" = "iPhone Developer";
				COPY_PHASE_STRIP = NO;
				DEBUG_INFORMATION_FORMAT = dwarf;
				ENABLE_STRICT_OBJC_MSGSEND = YES;
				ENABLE_TESTABILITY = YES;
				GCC_C_LANGUAGE_STANDARD = gnu99;
				GCC_DYNAMIC_NO_PIC = NO;
				GCC_NO_COMMON_BLOCKS = YES;
				GCC_OPTIMIZATION_LEVEL = 0;
				GCC_PREPROCESSOR_DEFINITIONS = (
					"DEBUG=1",
					"$(inherited)",
				);
				GCC_WARN_64_TO_32_BIT_CONVERSION = YES;
				GCC_WARN_ABOUT_RETURN_TYPE = YES_ERROR;
				GCC_WARN_UNDECLARED_SELECTOR = YES;
				GCC_WARN_UNINITIALIZED_AUTOS = YES_AGGRESSIVE;
				GCC_WARN_UNUSED_FUNCTION = YES;
				GCC_WARN_UNUSED_VARIABLE = YES;
				IPHONEOS_DEPLOYMENT_TARGET = 10.2;
				MTL_ENABLE_DEBUG_INFO = YES;
				ONLY_ACTIVE_ARCH = YES;
				SDKROOT = iphoneos;
				SWIFT_ACTIVE_COMPILATION_CONDITIONS = DEBUG;
				SWIFT_OPTIMIZATION_LEVEL = "-Onone";
				TARGETED_DEVICE_FAMILY = "1,2";
			};
			name = Debug;
		};
		56594B961E4C16FE00F6A60A /* Release */ = {
			isa = XCBuildConfiguration;
			buildSettings = {
				ALWAYS_SEARCH_USER_PATHS = NO;
				CLANG_ANALYZER_NONNULL = YES;
				CLANG_CXX_LANGUAGE_STANDARD = "gnu++0x";
				CLANG_CXX_LIBRARY = "libc++";
				CLANG_ENABLE_MODULES = YES;
				CLANG_ENABLE_OBJC_ARC = YES;
				CLANG_WARN_BOOL_CONVERSION = YES;
				CLANG_WARN_CONSTANT_CONVERSION = YES;
				CLANG_WARN_DIRECT_OBJC_ISA_USAGE = YES_ERROR;
				CLANG_WARN_DOCUMENTATION_COMMENTS = YES;
				CLANG_WARN_EMPTY_BODY = YES;
				CLANG_WARN_ENUM_CONVERSION = YES;
				CLANG_WARN_INFINITE_RECURSION = YES;
				CLANG_WARN_INT_CONVERSION = YES;
				CLANG_WARN_OBJC_ROOT_CLASS = YES_ERROR;
				CLANG_WARN_SUSPICIOUS_MOVE = YES;
				CLANG_WARN_UNREACHABLE_CODE = YES;
				CLANG_WARN__DUPLICATE_METHOD_MATCH = YES;
				"CODE_SIGN_IDENTITY[sdk=iphoneos*]" = "iPhone Developer";
				COPY_PHASE_STRIP = NO;
				DEBUG_INFORMATION_FORMAT = "dwarf-with-dsym";
				ENABLE_NS_ASSERTIONS = NO;
				ENABLE_STRICT_OBJC_MSGSEND = YES;
				GCC_C_LANGUAGE_STANDARD = gnu99;
				GCC_NO_COMMON_BLOCKS = YES;
				GCC_WARN_64_TO_32_BIT_CONVERSION = YES;
				GCC_WARN_ABOUT_RETURN_TYPE = YES_ERROR;
				GCC_WARN_UNDECLARED_SELECTOR = YES;
				GCC_WARN_UNINITIALIZED_AUTOS = YES_AGGRESSIVE;
				GCC_WARN_UNUSED_FUNCTION = YES;
				GCC_WARN_UNUSED_VARIABLE = YES;
				IPHONEOS_DEPLOYMENT_TARGET = 10.2;
				MTL_ENABLE_DEBUG_INFO = NO;
				SDKROOT = iphoneos;
				SWIFT_OPTIMIZATION_LEVEL = "-Owholemodule";
				TARGETED_DEVICE_FAMILY = "1,2";
				VALIDATE_PRODUCT = YES;
			};
			name = Release;
		};
		56594B981E4C16FE00F6A60A /* Debug */ = {
			isa = XCBuildConfiguration;
			buildSettings = {
				ASSETCATALOG_COMPILER_APPICON_NAME = AppIcon;
				DEVELOPMENT_TEAM = XDE4MANTPR;
				FRAMEWORK_SEARCH_PATHS = (
					"$(inherited)",
					"$(PROJECT_DIR)",
				);
				INFOPLIST_FILE = "Book Buddy/Info.plist";
				LD_RUNPATH_SEARCH_PATHS = "$(inherited) @executable_path/Frameworks";
				PRODUCT_BUNDLE_IDENTIFIER = "BookBuddy.Book-Buddy";
				PRODUCT_NAME = "$(TARGET_NAME)";
				SWIFT_VERSION = 3.0;
			};
			name = Debug;
		};
		56594B991E4C16FE00F6A60A /* Release */ = {
			isa = XCBuildConfiguration;
			buildSettings = {
				ASSETCATALOG_COMPILER_APPICON_NAME = AppIcon;
				DEVELOPMENT_TEAM = XDE4MANTPR;
				FRAMEWORK_SEARCH_PATHS = (
					"$(inherited)",
					"$(PROJECT_DIR)",
				);
				INFOPLIST_FILE = "Book Buddy/Info.plist";
				LD_RUNPATH_SEARCH_PATHS = "$(inherited) @executable_path/Frameworks";
				PRODUCT_BUNDLE_IDENTIFIER = "BookBuddy.Book-Buddy";
				PRODUCT_NAME = "$(TARGET_NAME)";
				SWIFT_VERSION = 3.0;
			};
			name = Release;
		};
		56594B9B1E4C16FE00F6A60A /* Debug */ = {
			isa = XCBuildConfiguration;
			buildSettings = {
				ALWAYS_EMBED_SWIFT_STANDARD_LIBRARIES = YES;
				BUNDLE_LOADER = "$(TEST_HOST)";
				DEVELOPMENT_TEAM = XDE4MANTPR;
				INFOPLIST_FILE = "Book BuddyTests/Info.plist";
				LD_RUNPATH_SEARCH_PATHS = "$(inherited) @executable_path/Frameworks @loader_path/Frameworks";
				PRODUCT_BUNDLE_IDENTIFIER = "BookBuddy.Book-BuddyTests";
				PRODUCT_NAME = "$(TARGET_NAME)";
				SWIFT_VERSION = 3.0;
				TEST_HOST = "$(BUILT_PRODUCTS_DIR)/Book Buddy.app/Book Buddy";
			};
			name = Debug;
		};
		56594B9C1E4C16FE00F6A60A /* Release */ = {
			isa = XCBuildConfiguration;
			buildSettings = {
				ALWAYS_EMBED_SWIFT_STANDARD_LIBRARIES = YES;
				BUNDLE_LOADER = "$(TEST_HOST)";
				DEVELOPMENT_TEAM = XDE4MANTPR;
				INFOPLIST_FILE = "Book BuddyTests/Info.plist";
				LD_RUNPATH_SEARCH_PATHS = "$(inherited) @executable_path/Frameworks @loader_path/Frameworks";
				PRODUCT_BUNDLE_IDENTIFIER = "BookBuddy.Book-BuddyTests";
				PRODUCT_NAME = "$(TARGET_NAME)";
				SWIFT_VERSION = 3.0;
				TEST_HOST = "$(BUILT_PRODUCTS_DIR)/Book Buddy.app/Book Buddy";
			};
			name = Release;
		};
		56594B9E1E4C16FE00F6A60A /* Debug */ = {
			isa = XCBuildConfiguration;
			buildSettings = {
				ALWAYS_EMBED_SWIFT_STANDARD_LIBRARIES = YES;
				DEVELOPMENT_TEAM = XDE4MANTPR;
				INFOPLIST_FILE = "Book BuddyUITests/Info.plist";
				LD_RUNPATH_SEARCH_PATHS = "$(inherited) @executable_path/Frameworks @loader_path/Frameworks";
				PRODUCT_BUNDLE_IDENTIFIER = "BookBuddy.Book-BuddyUITests";
				PRODUCT_NAME = "$(TARGET_NAME)";
				SWIFT_VERSION = 3.0;
				TEST_TARGET_NAME = "Book Buddy";
			};
			name = Debug;
		};
		56594B9F1E4C16FE00F6A60A /* Release */ = {
			isa = XCBuildConfiguration;
			buildSettings = {
				ALWAYS_EMBED_SWIFT_STANDARD_LIBRARIES = YES;
				DEVELOPMENT_TEAM = XDE4MANTPR;
				INFOPLIST_FILE = "Book BuddyUITests/Info.plist";
				LD_RUNPATH_SEARCH_PATHS = "$(inherited) @executable_path/Frameworks @loader_path/Frameworks";
				PRODUCT_BUNDLE_IDENTIFIER = "BookBuddy.Book-BuddyUITests";
				PRODUCT_NAME = "$(TARGET_NAME)";
				SWIFT_VERSION = 3.0;
				TEST_TARGET_NAME = "Book Buddy";
			};
			name = Release;
		};
/* End XCBuildConfiguration section */

/* Begin XCConfigurationList section */
		56594B6A1E4C16FE00F6A60A /* Build configuration list for PBXProject "Book Buddy" */ = {
			isa = XCConfigurationList;
			buildConfigurations = (
				56594B951E4C16FE00F6A60A /* Debug */,
				56594B961E4C16FE00F6A60A /* Release */,
			);
			defaultConfigurationIsVisible = 0;
			defaultConfigurationName = Release;
		};
		56594B971E4C16FE00F6A60A /* Build configuration list for PBXNativeTarget "Book Buddy" */ = {
			isa = XCConfigurationList;
			buildConfigurations = (
				56594B981E4C16FE00F6A60A /* Debug */,
				56594B991E4C16FE00F6A60A /* Release */,
			);
			defaultConfigurationIsVisible = 0;
			defaultConfigurationName = Release;
		};
		56594B9A1E4C16FE00F6A60A /* Build configuration list for PBXNativeTarget "Book BuddyTests" */ = {
			isa = XCConfigurationList;
			buildConfigurations = (
				56594B9B1E4C16FE00F6A60A /* Debug */,
				56594B9C1E4C16FE00F6A60A /* Release */,
			);
			defaultConfigurationIsVisible = 0;
			defaultConfigurationName = Release;
		};
		56594B9D1E4C16FE00F6A60A /* Build configuration list for PBXNativeTarget "Book BuddyUITests" */ = {
			isa = XCConfigurationList;
			buildConfigurations = (
				56594B9E1E4C16FE00F6A60A /* Debug */,
				56594B9F1E4C16FE00F6A60A /* Release */,
			);
			defaultConfigurationIsVisible = 0;
			defaultConfigurationName = Release;
		};
/* End XCConfigurationList section */
	};
	rootObject = 56594B671E4C16FE00F6A60A /* Project object */;
}
